
Microsoft Visual Studio Solution File, Format Version 12.00
# Visual Studio Version 17
VisualStudioVersion = 17.11.35312.102
MinimumVisualStudioVersion = 10.0.40219.1
Project("{FAE04EC0-301F-11D3-BF4B-00C04F79EFBC}") = "Lect1", "Lect1\Lect1.csproj", "{C50E5CA3-F691-4A7B-90F8-EBE450A79DC6}"
EndProject
Global
	GlobalSection(SolutionConfigurationPlatforms) = preSolution
		Debug|Any CPU = Debug|Any CPU
		Release|Any CPU = Release|Any CPU
	EndGlobalSection
	GlobalSection(ProjectConfigurationPlatforms) = postSolution
		{C50E5CA3-F691-4A7B-90F8-EBE450A79DC6}.Debug|Any CPU.ActiveCfg = Debug|Any CPU
		{C50E5CA3-F691-4A7B-90F8-EBE450A79DC6}.Debug|Any CPU.Build.0 = Debug|Any CPU
		{C50E5CA3-F691-4A7B-90F8-EBE450A79DC6}.Release|Any CPU.ActiveCfg = Release|Any CPU
		{C50E5CA3-F691-4A7B-90F8-EBE450A79DC6}.Release|Any CPU.Build.0 = Release|Any CPU
	EndGlobalSection
	GlobalSection(SolutionProperties) = preSolution
		HideSolutionNode = FALSE
	EndGlobalSection
	GlobalSection(ExtensibilityGlobals) = postSolution
		SolutionGuid = {A0B655B7-39CF-4082-8D7A-87B0213C6CD3}
	EndGlobalSection
EndGlobal
